# This file is automatically @generated by Cargo.
# It is not intended for manual editing.
[[package]]
name = "gles30"
version = "0.5.2"
source = "registry+https://github.com/rust-lang/crates.io-index"
checksum = "3cdef62cfcc5d7a0a7776845df9185e5c57b16d497ed4f5df740b0b61c96d571"

[[package]]
name = "glestest"
version = "0.1.0"
dependencies = [
 "gles30",
]
